
Microsoft Visual Studio Solution File, Format Version 12.00
# Visual Studio Version 17
VisualStudioVersion = 17.12.35707.178 d17.12
MinimumVisualStudioVersion = 10.0.40219.1
Project("{FAE04EC0-301F-11D3-BF4B-00C04F79EFBC}") = "CalculadoraBasica.Android", "CalculadoraBasica.Android\CalculadoraBasica.Android.csproj", "{381D5393-88E6-4C6F-B3F6-7A8D64B54A90}"
EndProject
Project("{FAE04EC0-301F-11D3-BF4B-00C04F79EFBC}") = "CalculadoraBasica.iOS", "CalculadoraBasica.iOS\CalculadoraBasica.iOS.csproj", "{48E68429-38DD-4DFD-B18D-75548434F71A}"
EndProject
Project("{FAE04EC0-301F-11D3-BF4B-00C04F79EFBC}") = "CalculadoraBasica", "CalculadoraBasica\CalculadoraBasica.csproj", "{915CDD26-6F5C-4602-BC12-3AB72E8672FF}"
EndProject
Global
	GlobalSection(SolutionConfigurationPlatforms) = preSolution
		Debug|Any CPU = Debug|Any CPU
		Release|Any CPU = Release|Any CPU
	EndGlobalSection
	GlobalSection(ProjectConfigurationPlatforms) = postSolution
		{381D5393-88E6-4C6F-B3F6-7A8D64B54A90}.Debug|Any CPU.ActiveCfg = Debug|Any CPU
		{381D5393-88E6-4C6F-B3F6-7A8D64B54A90}.Debug|Any CPU.Build.0 = Debug|Any CPU
		{381D5393-88E6-4C6F-B3F6-7A8D64B54A90}.Debug|Any CPU.Deploy.0 = Debug|Any CPU
		{381D5393-88E6-4C6F-B3F6-7A8D64B54A90}.Release|Any CPU.ActiveCfg = Release|Any CPU
		{381D5393-88E6-4C6F-B3F6-7A8D64B54A90}.Release|Any CPU.Build.0 = Release|Any CPU
		{381D5393-88E6-4C6F-B3F6-7A8D64B54A90}.Release|Any CPU.Deploy.0 = Release|Any CPU
		{48E68429-38DD-4DFD-B18D-75548434F71A}.Debug|Any CPU.ActiveCfg = Debug|iPhone
		{48E68429-38DD-4DFD-B18D-75548434F71A}.Debug|Any CPU.Build.0 = Debug|iPhone
		{48E68429-38DD-4DFD-B18D-75548434F71A}.Debug|Any CPU.Deploy.0 = Debug|iPhone
		{48E68429-38DD-4DFD-B18D-75548434F71A}.Release|Any CPU.ActiveCfg = Release|iPhoneSimulator
		{48E68429-38DD-4DFD-B18D-75548434F71A}.Release|Any CPU.Build.0 = Release|iPhoneSimulator
		{48E68429-38DD-4DFD-B18D-75548434F71A}.Release|Any CPU.Deploy.0 = Release|iPhoneSimulator
		{915CDD26-6F5C-4602-BC12-3AB72E8672FF}.Debug|Any CPU.ActiveCfg = Debug|Any CPU
		{915CDD26-6F5C-4602-BC12-3AB72E8672FF}.Debug|Any CPU.Build.0 = Debug|Any CPU
		{915CDD26-6F5C-4602-BC12-3AB72E8672FF}.Debug|Any CPU.Deploy.0 = Debug|Any CPU
		{915CDD26-6F5C-4602-BC12-3AB72E8672FF}.Release|Any CPU.ActiveCfg = Release|Any CPU
		{915CDD26-6F5C-4602-BC12-3AB72E8672FF}.Release|Any CPU.Build.0 = Release|Any CPU
		{915CDD26-6F5C-4602-BC12-3AB72E8672FF}.Release|Any CPU.Deploy.0 = Release|Any CPU
	EndGlobalSection
	GlobalSection(SolutionProperties) = preSolution
		HideSolutionNode = FALSE
	EndGlobalSection
EndGlobal
